
Microsoft Visual Studio Solution File, Format Version 12.00
# Visual Studio Version 17
VisualStudioVersion = 17.0.31903.59
MinimumVisualStudioVersion = 10.0.40219.1
Project("{FAE04EC0-301F-11D3-BF4B-00C04F79EFBC}") = "SynapseTech.Console", "SynapseTech.Console\SynapseTech.Console.csproj", "{4086649E-4E5E-4CEB-8C0C-3535AB4C2FA5}"
EndProject
Project("{FAE04EC0-301F-11D3-BF4B-00C04F79EFBC}") = "SynapseTech.Test", "SynapseTech.Test\SynapseTech.Test.csproj", "{BD601AC1-FCDB-41C0-A55B-5CAF8B40112F}"
EndProject
Project("{FAE04EC0-301F-11D3-BF4B-00C04F79EFBC}") = "SynapseTech.MockAPI", "SynapseTech.MockAPI\SynapseTech.MockAPI.csproj", "{4E8DCF5A-9CEC-48B7-B133-DC3A5F9187FF}"
EndProject
Global
	GlobalSection(SolutionConfigurationPlatforms) = preSolution
		Debug|Any CPU = Debug|Any CPU
		Release|Any CPU = Release|Any CPU
	EndGlobalSection
	GlobalSection(SolutionProperties) = preSolution
		HideSolutionNode = FALSE
	EndGlobalSection
	GlobalSection(ProjectConfigurationPlatforms) = postSolution
		{4086649E-4E5E-4CEB-8C0C-3535AB4C2FA5}.Debug|Any CPU.ActiveCfg = Debug|Any CPU
		{4086649E-4E5E-4CEB-8C0C-3535AB4C2FA5}.Debug|Any CPU.Build.0 = Debug|Any CPU
		{4086649E-4E5E-4CEB-8C0C-3535AB4C2FA5}.Release|Any CPU.ActiveCfg = Release|Any CPU
		{4086649E-4E5E-4CEB-8C0C-3535AB4C2FA5}.Release|Any CPU.Build.0 = Release|Any CPU
		{BD601AC1-FCDB-41C0-A55B-5CAF8B40112F}.Debug|Any CPU.ActiveCfg = Debug|Any CPU
		{BD601AC1-FCDB-41C0-A55B-5CAF8B40112F}.Debug|Any CPU.Build.0 = Debug|Any CPU
		{BD601AC1-FCDB-41C0-A55B-5CAF8B40112F}.Release|Any CPU.ActiveCfg = Release|Any CPU
		{BD601AC1-FCDB-41C0-A55B-5CAF8B40112F}.Release|Any CPU.Build.0 = Release|Any CPU
		{4E8DCF5A-9CEC-48B7-B133-DC3A5F9187FF}.Debug|Any CPU.ActiveCfg = Debug|Any CPU
		{4E8DCF5A-9CEC-48B7-B133-DC3A5F9187FF}.Debug|Any CPU.Build.0 = Debug|Any CPU
		{4E8DCF5A-9CEC-48B7-B133-DC3A5F9187FF}.Release|Any CPU.ActiveCfg = Release|Any CPU
		{4E8DCF5A-9CEC-48B7-B133-DC3A5F9187FF}.Release|Any CPU.Build.0 = Release|Any CPU
	EndGlobalSection
EndGlobal
